// !$*UTF8*$!
{
	archiveVersion = 1;
	classes = {
	};
	objectVersion = 48;
	objects = {

/* Begin PBXBuildFile section */
		2B6A3C760C7FF022B006BB88 /* Pods_InstagramUITests.framework in Frameworks */ = {isa = PBXBuildFile; fileRef = DC961820CE37D8BFAC407192 /* Pods_InstagramUITests.framework */; };
		727FD0D5C7495448FC94C457 /* Pods_InstagramTests.framework in Frameworks */ = {isa = PBXBuildFile; fileRef = 71C8367DC5150FEF157C2A5F /* Pods_InstagramTests.framework */; };
		B85DE06A656B88955A58F614 /* Pods_Instagram.framework in Frameworks */ = {isa = PBXBuildFile; fileRef = 9D9041D3F26883703F1CE03F /* Pods_Instagram.framework */; };
		D27634362044FA14004194E4 /* AppDelegate.swift in Sources */ = {isa = PBXBuildFile; fileRef = D27634352044FA14004194E4 /* AppDelegate.swift */; };
		D27634382044FA14004194E4 /* ViewController.swift in Sources */ = {isa = PBXBuildFile; fileRef = D27634372044FA14004194E4 /* ViewController.swift */; };
		D276343B2044FA14004194E4 /* Main.storyboard in Resources */ = {isa = PBXBuildFile; fileRef = D27634392044FA14004194E4 /* Main.storyboard */; };
		D276343D2044FA14004194E4 /* Assets.xcassets in Resources */ = {isa = PBXBuildFile; fileRef = D276343C2044FA14004194E4 /* Assets.xcassets */; };
		D27634402044FA14004194E4 /* LaunchScreen.storyboard in Resources */ = {isa = PBXBuildFile; fileRef = D276343E2044FA14004194E4 /* LaunchScreen.storyboard */; };
		D276344B2044FA14004194E4 /* InstagramTests.swift in Sources */ = {isa = PBXBuildFile; fileRef = D276344A2044FA14004194E4 /* InstagramTests.swift */; };
		D27634562044FA15004194E4 /* InstagramUITests.swift in Sources */ = {isa = PBXBuildFile; fileRef = D27634552044FA15004194E4 /* InstagramUITests.swift */; };
		D27634662044FDD3004194E4 /* LoginViewController.swift in Sources */ = {isa = PBXBuildFile; fileRef = D27634652044FDD3004194E4 /* LoginViewController.swift */; };
		D276346A20451402004194E4 /* HomeFeedViewController.swift in Sources */ = {isa = PBXBuildFile; fileRef = D276346920451402004194E4 /* HomeFeedViewController.swift */; };
		D276346C20451422004194E4 /* CreatePostViewController.swift in Sources */ = {isa = PBXBuildFile; fileRef = D276346B20451422004194E4 /* CreatePostViewController.swift */; };
		D276346E20451445004194E4 /* ProfileViewController.swift in Sources */ = {isa = PBXBuildFile; fileRef = D276346D20451445004194E4 /* ProfileViewController.swift */; };
		D276347020451989004194E4 /* Post.swift in Sources */ = {isa = PBXBuildFile; fileRef = D276346F20451989004194E4 /* Post.swift */; };
/* End PBXBuildFile section */

/* Begin PBXContainerItemProxy section */
		D27634472044FA14004194E4 /* PBXContainerItemProxy */ = {
			isa = PBXContainerItemProxy;
			containerPortal = D276342A2044FA14004194E4 /* Project object */;
			proxyType = 1;
			remoteGlobalIDString = D27634312044FA14004194E4;
			remoteInfo = Instagram;
		};
		D27634522044FA15004194E4 /* PBXContainerItemProxy */ = {
			isa = PBXContainerItemProxy;
			containerPortal = D276342A2044FA14004194E4 /* Project object */;
			proxyType = 1;
			remoteGlobalIDString = D27634312044FA14004194E4;
			remoteInfo = Instagram;
		};
/* End PBXContainerItemProxy section */

/* Begin PBXFileReference section */
		44EAB7FC097B9935E6B46D95 /* Pods-InstagramUITests.release.xcconfig */ = {isa = PBXFileReference; includeInIndex = 1; lastKnownFileType = text.xcconfig; name = "Pods-InstagramUITests.release.xcconfig"; path = "Pods/Target Support Files/Pods-InstagramUITests/Pods-InstagramUITests.release.xcconfig"; sourceTree = "<group>"; };
		64D201209AC9402E90A333C4 /* Pods-Instagram.release.xcconfig */ = {isa = PBXFileReference; includeInIndex = 1; lastKnownFileType = text.xcconfig; name = "Pods-Instagram.release.xcconfig"; path = "Pods/Target Support Files/Pods-Instagram/Pods-Instagram.release.xcconfig"; sourceTree = "<group>"; };
		71C8367DC5150FEF157C2A5F /* Pods_InstagramTests.framework */ = {isa = PBXFileReference; explicitFileType = wrapper.framework; includeInIndex = 0; path = Pods_InstagramTests.framework; sourceTree = BUILT_PRODUCTS_DIR; };
		9D9041D3F26883703F1CE03F /* Pods_Instagram.framework */ = {isa = PBXFileReference; explicitFileType = wrapper.framework; includeInIndex = 0; path = Pods_Instagram.framework; sourceTree = BUILT_PRODUCTS_DIR; };
		A57D4012741A0C9251020849 /* Pods-InstagramUITests.debug.xcconfig */ = {isa = PBXFileReference; includeInIndex = 1; lastKnownFileType = text.xcconfig; name = "Pods-InstagramUITests.debug.xcconfig"; path = "Pods/Target Support Files/Pods-InstagramUITests/Pods-InstagramUITests.debug.xcconfig"; sourceTree = "<group>"; };
		D08C4EE16A78C417BA9DA45F /* Pods-Instagram.debug.xcconfig */ = {isa = PBXFileReference; includeInIndex = 1; lastKnownFileType = text.xcconfig; name = "Pods-Instagram.debug.xcconfig"; path = "Pods/Target Support Files/Pods-Instagram/Pods-Instagram.debug.xcconfig"; sourceTree = "<group>"; };
		D27634322044FA14004194E4 /* Instagram.app */ = {isa = PBXFileReference; explicitFileType = wrapper.application; includeInIndex = 0; path = Instagram.app; sourceTree = BUILT_PRODUCTS_DIR; };
		D27634352044FA14004194E4 /* AppDelegate.swift */ = {isa = PBXFileReference; lastKnownFileType = sourcecode.swift; path = AppDelegate.swift; sourceTree = "<group>"; };
		D27634372044FA14004194E4 /* ViewController.swift */ = {isa = PBXFileReference; lastKnownFileType = sourcecode.swift; path = ViewController.swift; sourceTree = "<group>"; };
		D276343A2044FA14004194E4 /* Base */ = {isa = PBXFileReference; lastKnownFileType = file.storyboard; name = Base; path = Base.lproj/Main.storyboard; sourceTree = "<group>"; };
		D276343C2044FA14004194E4 /* Assets.xcassets */ = {isa = PBXFileReference; lastKnownFileType = folder.assetcatalog; path = Assets.xcassets; sourceTree = "<group>"; };
		D276343F2044FA14004194E4 /* Base */ = {isa = PBXFileReference; lastKnownFileType = file.storyboard; name = Base; path = Base.lproj/LaunchScreen.storyboard; sourceTree = "<group>"; };
		D27634412044FA14004194E4 /* Info.plist */ = {isa = PBXFileReference; lastKnownFileType = text.plist.xml; path = Info.plist; sourceTree = "<group>"; };
		D27634462044FA14004194E4 /* InstagramTests.xctest */ = {isa = PBXFileReference; explicitFileType = wrapper.cfbundle; includeInIndex = 0; path = InstagramTests.xctest; sourceTree = BUILT_PRODUCTS_DIR; };
		D276344A2044FA14004194E4 /* InstagramTests.swift */ = {isa = PBXFileReference; lastKnownFileType = sourcecode.swift; path = InstagramTests.swift; sourceTree = "<group>"; };
		D276344C2044FA14004194E4 /* Info.plist */ = {isa = PBXFileReference; lastKnownFileType = text.plist.xml; path = Info.plist; sourceTree = "<group>"; };
		D27634512044FA15004194E4 /* InstagramUITests.xctest */ = {isa = PBXFileReference; explicitFileType = wrapper.cfbundle; includeInIndex = 0; path = InstagramUITests.xctest; sourceTree = BUILT_PRODUCTS_DIR; };
		D27634552044FA15004194E4 /* InstagramUITests.swift */ = {isa = PBXFileReference; lastKnownFileType = sourcecode.swift; path = InstagramUITests.swift; sourceTree = "<group>"; };
		D27634572044FA15004194E4 /* Info.plist */ = {isa = PBXFileReference; lastKnownFileType = text.plist.xml; path = Info.plist; sourceTree = "<group>"; };
		D27634652044FDD3004194E4 /* LoginViewController.swift */ = {isa = PBXFileReference; lastKnownFileType = sourcecode.swift; path = LoginViewController.swift; sourceTree = "<group>"; };
		D276346920451402004194E4 /* HomeFeedViewController.swift */ = {isa = PBXFileReference; lastKnownFileType = sourcecode.swift; path = HomeFeedViewController.swift; sourceTree = "<group>"; };
		D276346B20451422004194E4 /* CreatePostViewController.swift */ = {isa = PBXFileReference; lastKnownFileType = sourcecode.swift; path = CreatePostViewController.swift; sourceTree = "<group>"; };
		D276346D20451445004194E4 /* ProfileViewController.swift */ = {isa = PBXFileReference; lastKnownFileType = sourcecode.swift; path = ProfileViewController.swift; sourceTree = "<group>"; };
		D276346F20451989004194E4 /* Post.swift */ = {isa = PBXFileReference; lastKnownFileType = sourcecode.swift; path = Post.swift; sourceTree = "<group>"; };
		D51C7552370A42EABD0A93F8 /* Pods-InstagramTests.debug.xcconfig */ = {isa = PBXFileReference; includeInIndex = 1; lastKnownFileType = text.xcconfig; name = "Pods-InstagramTests.debug.xcconfig"; path = "Pods/Target Support Files/Pods-InstagramTests/Pods-InstagramTests.debug.xcconfig"; sourceTree = "<group>"; };
		DC961820CE37D8BFAC407192 /* Pods_InstagramUITests.framework */ = {isa = PBXFileReference; explicitFileType = wrapper.framework; includeInIndex = 0; path = Pods_InstagramUITests.framework; sourceTree = BUILT_PRODUCTS_DIR; };
		F0B5E64BB94C3DDF0B75783E /* Pods-InstagramTests.release.xcconfig */ = {isa = PBXFileReference; includeInIndex = 1; lastKnownFileType = text.xcconfig; name = "Pods-InstagramTests.release.xcconfig"; path = "Pods/Target Support Files/Pods-InstagramTests/Pods-InstagramTests.release.xcconfig"; sourceTree = "<group>"; };
/* End PBXFileReference section */

/* Begin PBXFrameworksBuildPhase section */
		D276342F2044FA14004194E4 /* Frameworks */ = {
			isa = PBXFrameworksBuildPhase;
			buildActionMask = 2147483647;
			files = (
				B85DE06A656B88955A58F614 /* Pods_Instagram.framework in Frameworks */,
			);
			runOnlyForDeploymentPostprocessing = 0;
		};
		D27634432044FA14004194E4 /* Frameworks */ = {
			isa = PBXFrameworksBuildPhase;
			buildActionMask = 2147483647;
			files = (
				727FD0D5C7495448FC94C457 /* Pods_InstagramTests.framework in Frameworks */,
			);
			runOnlyForDeploymentPostprocessing = 0;
		};
		D276344E2044FA15004194E4 /* Frameworks */ = {
			isa = PBXFrameworksBuildPhase;
			buildActionMask = 2147483647;
			files = (
				2B6A3C760C7FF022B006BB88 /* Pods_InstagramUITests.framework in Frameworks */,
			);
			runOnlyForDeploymentPostprocessing = 0;
		};
/* End PBXFrameworksBuildPhase section */

/* Begin PBXGroup section */
		320E66970B6364DE074518D7 /* Frameworks */ = {
			isa = PBXGroup;
			children = (
				9D9041D3F26883703F1CE03F /* Pods_Instagram.framework */,
				71C8367DC5150FEF157C2A5F /* Pods_InstagramTests.framework */,
				DC961820CE37D8BFAC407192 /* Pods_InstagramUITests.framework */,
			);
			name = Frameworks;
			sourceTree = "<group>";
		};
		D27634292044FA14004194E4 = {
			isa = PBXGroup;
			children = (
				D27634342044FA14004194E4 /* Instagram */,
				D27634492044FA14004194E4 /* InstagramTests */,
				D27634542044FA15004194E4 /* InstagramUITests */,
				D27634332044FA14004194E4 /* Products */,
				DE4F5146112BA329991F84A5 /* Pods */,
				320E66970B6364DE074518D7 /* Frameworks */,
			);
			sourceTree = "<group>";
		};
		D27634332044FA14004194E4 /* Products */ = {
			isa = PBXGroup;
			children = (
				D27634322044FA14004194E4 /* Instagram.app */,
				D27634462044FA14004194E4 /* InstagramTests.xctest */,
				D27634512044FA15004194E4 /* InstagramUITests.xctest */,
			);
			name = Products;
			sourceTree = "<group>";
		};
		D27634342044FA14004194E4 /* Instagram */ = {
			isa = PBXGroup;
			children = (
				D27634352044FA14004194E4 /* AppDelegate.swift */,
				D27634372044FA14004194E4 /* ViewController.swift */,
				D27634392044FA14004194E4 /* Main.storyboard */,
				D276343C2044FA14004194E4 /* Assets.xcassets */,
				D276343E2044FA14004194E4 /* LaunchScreen.storyboard */,
				D27634412044FA14004194E4 /* Info.plist */,
				D27634652044FDD3004194E4 /* LoginViewController.swift */,
				D276346920451402004194E4 /* HomeFeedViewController.swift */,
				D276346B20451422004194E4 /* CreatePostViewController.swift */,
				D276346D20451445004194E4 /* ProfileViewController.swift */,
				D276346F20451989004194E4 /* Post.swift */,
			);
			path = Instagram;
			sourceTree = "<group>";
		};
		D27634492044FA14004194E4 /* InstagramTests */ = {
			isa = PBXGroup;
			children = (
				D276344A2044FA14004194E4 /* InstagramTests.swift */,
				D276344C2044FA14004194E4 /* Info.plist */,
			);
			path = InstagramTests;
			sourceTree = "<group>";
		};
		D27634542044FA15004194E4 /* InstagramUITests */ = {
			isa = PBXGroup;
			children = (
				D27634552044FA15004194E4 /* InstagramUITests.swift */,
				D27634572044FA15004194E4 /* Info.plist */,
			);
			path = InstagramUITests;
			sourceTree = "<group>";
		};
		DE4F5146112BA329991F84A5 /* Pods */ = {
			isa = PBXGroup;
			children = (
				D08C4EE16A78C417BA9DA45F /* Pods-Instagram.debug.xcconfig */,
				64D201209AC9402E90A333C4 /* Pods-Instagram.release.xcconfig */,
				D51C7552370A42EABD0A93F8 /* Pods-InstagramTests.debug.xcconfig */,
				F0B5E64BB94C3DDF0B75783E /* Pods-InstagramTests.release.xcconfig */,
				A57D4012741A0C9251020849 /* Pods-InstagramUITests.debug.xcconfig */,
				44EAB7FC097B9935E6B46D95 /* Pods-InstagramUITests.release.xcconfig */,
			);
			name = Pods;
			sourceTree = "<group>";
		};
/* End PBXGroup section */

/* Begin PBXNativeTarget section */
		D27634312044FA14004194E4 /* Instagram */ = {
			isa = PBXNativeTarget;
			buildConfigurationList = D276345A2044FA15004194E4 /* Build configuration list for PBXNativeTarget "Instagram" */;
			buildPhases = (
				FECC157B6ADD3BA4F006816C /* [CP] Check Pods Manifest.lock */,
				D276342E2044FA14004194E4 /* Sources */,
				D276342F2044FA14004194E4 /* Frameworks */,
				D27634302044FA14004194E4 /* Resources */,
				92D66616A86986ADC488DB1D /* [CP] Embed Pods Frameworks */,
				C98FBC3725FAF8E180318717 /* [CP] Copy Pods Resources */,
			);
			buildRules = (
			);
			dependencies = (
			);
			name = Instagram;
			productName = Instagram;
			productReference = D27634322044FA14004194E4 /* Instagram.app */;
			productType = "com.apple.product-type.application";
		};
		D27634452044FA14004194E4 /* InstagramTests */ = {
			isa = PBXNativeTarget;
			buildConfigurationList = D276345D2044FA15004194E4 /* Build configuration list for PBXNativeTarget "InstagramTests" */;
			buildPhases = (
				50E74933661F471A1E5109CB /* [CP] Check Pods Manifest.lock */,
				D27634422044FA14004194E4 /* Sources */,
				D27634432044FA14004194E4 /* Frameworks */,
				D27634442044FA14004194E4 /* Resources */,
				52A9CD24F555F60A37E03BB6 /* [CP] Embed Pods Frameworks */,
				079AD45444630C04098E2ECA /* [CP] Copy Pods Resources */,
			);
			buildRules = (
			);
			dependencies = (
				D27634482044FA14004194E4 /* PBXTargetDependency */,
			);
			name = InstagramTests;
			productName = InstagramTests;
			productReference = D27634462044FA14004194E4 /* InstagramTests.xctest */;
			productType = "com.apple.product-type.bundle.unit-test";
		};
		D27634502044FA15004194E4 /* InstagramUITests */ = {
			isa = PBXNativeTarget;
			buildConfigurationList = D27634602044FA15004194E4 /* Build configuration list for PBXNativeTarget "InstagramUITests" */;
			buildPhases = (
				85EEB91D10FD8447C9B9D8A3 /* [CP] Check Pods Manifest.lock */,
				D276344D2044FA15004194E4 /* Sources */,
				D276344E2044FA15004194E4 /* Frameworks */,
				D276344F2044FA15004194E4 /* Resources */,
				BC10DA96FFD1BAC6254723F9 /* [CP] Embed Pods Frameworks */,
				E799B783A831C0AAF757CA8B /* [CP] Copy Pods Resources */,
			);
			buildRules = (
			);
			dependencies = (
				D27634532044FA15004194E4 /* PBXTargetDependency */,
			);
			name = InstagramUITests;
			productName = InstagramUITests;
			productReference = D27634512044FA15004194E4 /* InstagramUITests.xctest */;
			productType = "com.apple.product-type.bundle.ui-testing";
		};
/* End PBXNativeTarget section */

/* Begin PBXProject section */
		D276342A2044FA14004194E4 /* Project object */ = {
			isa = PBXProject;
			attributes = {
				LastSwiftUpdateCheck = 0920;
				LastUpgradeCheck = 0920;
				ORGANIZATIONNAME = "Emily Heejung Son";
				TargetAttributes = {
					D27634312044FA14004194E4 = {
						CreatedOnToolsVersion = 9.2;
						ProvisioningStyle = Automatic;
					};
					D27634452044FA14004194E4 = {
						CreatedOnToolsVersion = 9.2;
						ProvisioningStyle = Automatic;
						TestTargetID = D27634312044FA14004194E4;
					};
					D27634502044FA15004194E4 = {
						CreatedOnToolsVersion = 9.2;
						ProvisioningStyle = Automatic;
						TestTargetID = D27634312044FA14004194E4;
					};
				};
			};
			buildConfigurationList = D276342D2044FA14004194E4 /* Build configuration list for PBXProject "Instagram" */;
			compatibilityVersion = "Xcode 8.0";
			developmentRegion = en;
			hasScannedForEncodings = 0;
			knownRegions = (
				en,
				Base,
			);
			mainGroup = D27634292044FA14004194E4;
			productRefGroup = D27634332044FA14004194E4 /* Products */;
			projectDirPath = "";
			projectRoot = "";
			targets = (
				D27634312044FA14004194E4 /* Instagram */,
				D27634452044FA14004194E4 /* InstagramTests */,
				D27634502044FA15004194E4 /* InstagramUITests */,
			);
		};
/* End PBXProject section */

/* Begin PBXResourcesBuildPhase section */
		D27634302044FA14004194E4 /* Resources */ = {
			isa = PBXResourcesBuildPhase;
			buildActionMask = 2147483647;
			files = (
				D27634402044FA14004194E4 /* LaunchScreen.storyboard in Resources */,
				D276343D2044FA14004194E4 /* Assets.xcassets in Resources */,
				D276343B2044FA14004194E4 /* Main.storyboard in Resources */,
			);
			runOnlyForDeploymentPostprocessing = 0;
		};
		D27634442044FA14004194E4 /* Resources */ = {
			isa = PBXResourcesBuildPhase;
			buildActionMask = 2147483647;
			files = (
			);
			runOnlyForDeploymentPostprocessing = 0;
		};
		D276344F2044FA15004194E4 /* Resources */ = {
			isa = PBXResourcesBuildPhase;
			buildActionMask = 2147483647;
			files = (
			);
			runOnlyForDeploymentPostprocessing = 0;
		};
/* End PBXResourcesBuildPhase section */

/* Begin PBXShellScriptBuildPhase section */
		079AD45444630C04098E2ECA /* [CP] Copy Pods Resources */ = {
			isa = PBXShellScriptBuildPhase;
			buildActionMask = 2147483647;
			files = (
			);
			inputPaths = (
			);
			name = "[CP] Copy Pods Resources";
			outputPaths = (
			);
			runOnlyForDeploymentPostprocessing = 0;
			shellPath = /bin/sh;
			shellScript = "\"${SRCROOT}/Pods/Target Support Files/Pods-InstagramTests/Pods-InstagramTests-resources.sh\"\n";
			showEnvVarsInLog = 0;
		};
		50E74933661F471A1E5109CB /* [CP] Check Pods Manifest.lock */ = {
			isa = PBXShellScriptBuildPhase;
			buildActionMask = 2147483647;
			files = (
			);
			inputPaths = (
				"${PODS_PODFILE_DIR_PATH}/Podfile.lock",
				"${PODS_ROOT}/Manifest.lock",
			);
			name = "[CP] Check Pods Manifest.lock";
			outputPaths = (
				"$(DERIVED_FILE_DIR)/Pods-InstagramTests-checkManifestLockResult.txt",
			);
			runOnlyForDeploymentPostprocessing = 0;
			shellPath = /bin/sh;
			shellScript = "diff \"${PODS_PODFILE_DIR_PATH}/Podfile.lock\" \"${PODS_ROOT}/Manifest.lock\" > /dev/null\nif [ $? != 0 ] ; then\n    # print error to STDERR\n    echo \"error: The sandbox is not in sync with the Podfile.lock. Run 'pod install' or update your CocoaPods installation.\" >&2\n    exit 1\nfi\n# This output is used by Xcode 'outputs' to avoid re-running this script phase.\necho \"SUCCESS\" > \"${SCRIPT_OUTPUT_FILE_0}\"\n";
			showEnvVarsInLog = 0;
		};
		52A9CD24F555F60A37E03BB6 /* [CP] Embed Pods Frameworks */ = {
			isa = PBXShellScriptBuildPhase;
			buildActionMask = 2147483647;
			files = (
			);
			inputPaths = (
			);
			name = "[CP] Embed Pods Frameworks";
			outputPaths = (
			);
			runOnlyForDeploymentPostprocessing = 0;
			shellPath = /bin/sh;
			shellScript = "\"${SRCROOT}/Pods/Target Support Files/Pods-InstagramTests/Pods-InstagramTests-frameworks.sh\"\n";
			showEnvVarsInLog = 0;
		};
		85EEB91D10FD8447C9B9D8A3 /* [CP] Check Pods Manifest.lock */ = {
			isa = PBXShellScriptBuildPhase;
			buildActionMask = 2147483647;
			files = (
			);
			inputPaths = (
				"${PODS_PODFILE_DIR_PATH}/Podfile.lock",
				"${PODS_ROOT}/Manifest.lock",
			);
			name = "[CP] Check Pods Manifest.lock";
			outputPaths = (
				"$(DERIVED_FILE_DIR)/Pods-InstagramUITests-checkManifestLockResult.txt",
			);
			runOnlyForDeploymentPostprocessing = 0;
			shellPath = /bin/sh;
			shellScript = "diff \"${PODS_PODFILE_DIR_PATH}/Podfile.lock\" \"${PODS_ROOT}/Manifest.lock\" > /dev/null\nif [ $? != 0 ] ; then\n    # print error to STDERR\n    echo \"error: The sandbox is not in sync with the Podfile.lock. Run 'pod install' or update your CocoaPods installation.\" >&2\n    exit 1\nfi\n# This output is used by Xcode 'outputs' to avoid re-running this script phase.\necho \"SUCCESS\" > \"${SCRIPT_OUTPUT_FILE_0}\"\n";
			showEnvVarsInLog = 0;
		};
		92D66616A86986ADC488DB1D /* [CP] Embed Pods Frameworks */ = {
			isa = PBXShellScriptBuildPhase;
			buildActionMask = 2147483647;
			files = (
			);
			inputPaths = (
				"${SRCROOT}/Pods/Target Support Files/Pods-Instagram/Pods-Instagram-frameworks.sh",
				"${BUILT_PRODUCTS_DIR}/Bolts/Bolts.framework",
				"${BUILT_PRODUCTS_DIR}/Parse/Parse.framework",
			);
			name = "[CP] Embed Pods Frameworks";
			outputPaths = (
				"${TARGET_BUILD_DIR}/${FRAMEWORKS_FOLDER_PATH}/Bolts.framework",
				"${TARGET_BUILD_DIR}/${FRAMEWORKS_FOLDER_PATH}/Parse.framework",
			);
			runOnlyForDeploymentPostprocessing = 0;
			shellPath = /bin/sh;
			shellScript = "\"${SRCROOT}/Pods/Target Support Files/Pods-Instagram/Pods-Instagram-frameworks.sh\"\n";
			showEnvVarsInLog = 0;
		};
		BC10DA96FFD1BAC6254723F9 /* [CP] Embed Pods Frameworks */ = {
			isa = PBXShellScriptBuildPhase;
			buildActionMask = 2147483647;
			files = (
			);
			inputPaths = (
			);
			name = "[CP] Embed Pods Frameworks";
			outputPaths = (
			);
			runOnlyForDeploymentPostprocessing = 0;
			shellPath = /bin/sh;
			shellScript = "\"${SRCROOT}/Pods/Target Support Files/Pods-InstagramUITests/Pods-InstagramUITests-frameworks.sh\"\n";
			showEnvVarsInLog = 0;
		};
		C98FBC3725FAF8E180318717 /* [CP] Copy Pods Resources */ = {
			isa = PBXShellScriptBuildPhase;
			buildActionMask = 2147483647;
			files = (
			);
			inputPaths = (
			);
			name = "[CP] Copy Pods Resources";
			outputPaths = (
			);
			runOnlyForDeploymentPostprocessing = 0;
			shellPath = /bin/sh;
			shellScript = "\"${SRCROOT}/Pods/Target Support Files/Pods-Instagram/Pods-Instagram-resources.sh\"\n";
			showEnvVarsInLog = 0;
		};
		E799B783A831C0AAF757CA8B /* [CP] Copy Pods Resources */ = {
			isa = PBXShellScriptBuildPhase;
			buildActionMask = 2147483647;
			files = (
			);
			inputPaths = (
			);
			name = "[CP] Copy Pods Resources";
			outputPaths = (
			);
			runOnlyForDeploymentPostprocessing = 0;
			shellPath = /bin/sh;
			shellScript = "\"${SRCROOT}/Pods/Target Support Files/Pods-InstagramUITests/Pods-InstagramUITests-resources.sh\"\n";
			showEnvVarsInLog = 0;
		};
		FECC157B6ADD3BA4F006816C /* [CP] Check Pods Manifest.lock */ = {
			isa = PBXShellScriptBuildPhase;
			buildActionMask = 2147483647;
			files = (
			);
			inputPaths = (
				"${PODS_PODFILE_DIR_PATH}/Podfile.lock",
				"${PODS_ROOT}/Manifest.lock",
			);
			name = "[CP] Check Pods Manifest.lock";
			outputPaths = (
				"$(DERIVED_FILE_DIR)/Pods-Instagram-checkManifestLockResult.txt",
			);
			runOnlyForDeploymentPostprocessing = 0;
			shellPath = /bin/sh;
			shellScript = "diff \"${PODS_PODFILE_DIR_PATH}/Podfile.lock\" \"${PODS_ROOT}/Manifest.lock\" > /dev/null\nif [ $? != 0 ] ; then\n    # print error to STDERR\n    echo \"error: The sandbox is not in sync with the Podfile.lock. Run 'pod install' or update your CocoaPods installation.\" >&2\n    exit 1\nfi\n# This output is used by Xcode 'outputs' to avoid re-running this script phase.\necho \"SUCCESS\" > \"${SCRIPT_OUTPUT_FILE_0}\"\n";
			showEnvVarsInLog = 0;
		};
/* End PBXShellScriptBuildPhase section */

/* Begin PBXSourcesBuildPhase section */
		D276342E2044FA14004194E4 /* Sources */ = {
			isa = PBXSourcesBuildPhase;
			buildActionMask = 2147483647;
			files = (
				D276346E20451445004194E4 /* ProfileViewController.swift in Sources */,
				D276346C20451422004194E4 /* CreatePostViewController.swift in Sources */,
				D27634662044FDD3004194E4 /* LoginViewController.swift in Sources */,
				D27634382044FA14004194E4 /* ViewController.swift in Sources */,
				D27634362044FA14004194E4 /* AppDelegate.swift in Sources */,
				D276347020451989004194E4 /* Post.swift in Sources */,
				D276346A20451402004194E4 /* HomeFeedViewController.swift in Sources */,
			);
			runOnlyForDeploymentPostprocessing = 0;
		};
		D27634422044FA14004194E4 /* Sources */ = {
			isa = PBXSourcesBuildPhase;
			buildActionMask = 2147483647;
			files = (
				D276344B2044FA14004194E4 /* InstagramTests.swift in Sources */,
			);
			runOnlyForDeploymentPostprocessing = 0;
		};
		D276344D2044FA15004194E4 /* Sources */ = {
			isa = PBXSourcesBuildPhase;
			buildActionMask = 2147483647;
			files = (
				D27634562044FA15004194E4 /* InstagramUITests.swift in Sources */,
			);
			runOnlyForDeploymentPostprocessing = 0;
		};
/* End PBXSourcesBuildPhase section */

/* Begin PBXTargetDependency section */
		D27634482044FA14004194E4 /* PBXTargetDependency */ = {
			isa = PBXTargetDependency;
			target = D27634312044FA14004194E4 /* Instagram */;
			targetProxy = D27634472044FA14004194E4 /* PBXContainerItemProxy */;
		};
		D27634532044FA15004194E4 /* PBXTargetDependency */ = {
			isa = PBXTargetDependency;
			target = D27634312044FA14004194E4 /* Instagram */;
			targetProxy = D27634522044FA15004194E4 /* PBXContainerItemProxy */;
		};
/* End PBXTargetDependency section */

/* Begin PBXVariantGroup section */
		D27634392044FA14004194E4 /* Main.storyboard */ = {
			isa = PBXVariantGroup;
			children = (
				D276343A2044FA14004194E4 /* Base */,
			);
			name = Main.storyboard;
			sourceTree = "<group>";
		};
		D276343E2044FA14004194E4 /* LaunchScreen.storyboard */ = {
			isa = PBXVariantGroup;
			children = (
				D276343F2044FA14004194E4 /* Base */,
			);
			name = LaunchScreen.storyboard;
			sourceTree = "<group>";
		};
/* End PBXVariantGroup section */

/* Begin XCBuildConfiguration section */
		D27634582044FA15004194E4 /* Debug */ = {
			isa = XCBuildConfiguration;
			buildSettings = {
				ALWAYS_SEARCH_USER_PATHS = NO;
				CLANG_ANALYZER_NONNULL = YES;
				CLANG_ANALYZER_NUMBER_OBJECT_CONVERSION = YES_AGGRESSIVE;
				CLANG_CXX_LANGUAGE_STANDARD = "gnu++14";
				CLANG_CXX_LIBRARY = "libc++";
				CLANG_ENABLE_MODULES = YES;
				CLANG_ENABLE_OBJC_ARC = YES;
				CLANG_WARN_BLOCK_CAPTURE_AUTORELEASING = YES;
				CLANG_WARN_BOOL_CONVERSION = YES;
				CLANG_WARN_COMMA = YES;
				CLANG_WARN_CONSTANT_CONVERSION = YES;
				CLANG_WARN_DIRECT_OBJC_ISA_USAGE = YES_ERROR;
				CLANG_WARN_DOCUMENTATION_COMMENTS = YES;
				CLANG_WARN_EMPTY_BODY = YES;
				CLANG_WARN_ENUM_CONVERSION = YES;
				CLANG_WARN_INFINITE_RECURSION = YES;
				CLANG_WARN_INT_CONVERSION = YES;
				CLANG_WARN_NON_LITERAL_NULL_CONVERSION = YES;
				CLANG_WARN_OBJC_LITERAL_CONVERSION = YES;
				CLANG_WARN_OBJC_ROOT_CLASS = YES_ERROR;
				CLANG_WARN_RANGE_LOOP_ANALYSIS = YES;
				CLANG_WARN_STRICT_PROTOTYPES = YES;
				CLANG_WARN_SUSPICIOUS_MOVE = YES;
				CLANG_WARN_UNGUARDED_AVAILABILITY = YES_AGGRESSIVE;
				CLANG_WARN_UNREACHABLE_CODE = YES;
				CLANG_WARN__DUPLICATE_METHOD_MATCH = YES;
				CODE_SIGN_IDENTITY = "iPhone Developer";
				COPY_PHASE_STRIP = NO;
				DEBUG_INFORMATION_FORMAT = dwarf;
				ENABLE_STRICT_OBJC_MSGSEND = YES;
				ENABLE_TESTABILITY = YES;
				GCC_C_LANGUAGE_STANDARD = gnu11;
				GCC_DYNAMIC_NO_PIC = NO;
				GCC_NO_COMMON_BLOCKS = YES;
				GCC_OPTIMIZATION_LEVEL = 0;
				GCC_PREPROCESSOR_DEFINITIONS = (
					"DEBUG=1",
					"$(inherited)",
				);
				GCC_WARN_64_TO_32_BIT_CONVERSION = YES;
				GCC_WARN_ABOUT_RETURN_TYPE = YES_ERROR;
				GCC_WARN_UNDECLARED_SELECTOR = YES;
				GCC_WARN_UNINITIALIZED_AUTOS = YES_AGGRESSIVE;
				GCC_WARN_UNUSED_FUNCTION = YES;
				GCC_WARN_UNUSED_VARIABLE = YES;
				IPHONEOS_DEPLOYMENT_TARGET = 11.2;
				MTL_ENABLE_DEBUG_INFO = YES;
				ONLY_ACTIVE_ARCH = YES;
				SDKROOT = iphoneos;
				SWIFT_ACTIVE_COMPILATION_CONDITIONS = DEBUG;
				SWIFT_OPTIMIZATION_LEVEL = "-Onone";
			};
			name = Debug;
		};
		D27634592044FA15004194E4 /* Release */ = {
			isa = XCBuildConfiguration;
			buildSettings = {
				ALWAYS_SEARCH_USER_PATHS = NO;
				CLANG_ANALYZER_NONNULL = YES;
				CLANG_ANALYZER_NUMBER_OBJECT_CONVERSION = YES_AGGRESSIVE;
				CLANG_CXX_LANGUAGE_STANDARD = "gnu++14";
				CLANG_CXX_LIBRARY = "libc++";
				CLANG_ENABLE_MODULES = YES;
				CLANG_ENABLE_OBJC_ARC = YES;
				CLANG_WARN_BLOCK_CAPTURE_AUTORELEASING = YES;
				CLANG_WARN_BOOL_CONVERSION = YES;
				CLANG_WARN_COMMA = YES;
				CLANG_WARN_CONSTANT_CONVERSION = YES;
				CLANG_WARN_DIRECT_OBJC_ISA_USAGE = YES_ERROR;
				CLANG_WARN_DOCUMENTATION_COMMENTS = YES;
				CLANG_WARN_EMPTY_BODY = YES;
				CLANG_WARN_ENUM_CONVERSION = YES;
				CLANG_WARN_INFINITE_RECURSION = YES;
				CLANG_WARN_INT_CONVERSION = YES;
				CLANG_WARN_NON_LITERAL_NULL_CONVERSION = YES;
				CLANG_WARN_OBJC_LITERAL_CONVERSION = YES;
				CLANG_WARN_OBJC_ROOT_CLASS = YES_ERROR;
				CLANG_WARN_RANGE_LOOP_ANALYSIS = YES;
				CLANG_WARN_STRICT_PROTOTYPES = YES;
				CLANG_WARN_SUSPICIOUS_MOVE = YES;
				CLANG_WARN_UNGUARDED_AVAILABILITY = YES_AGGRESSIVE;
				CLANG_WARN_UNREACHABLE_CODE = YES;
				CLANG_WARN__DUPLICATE_METHOD_MATCH = YES;
				CODE_SIGN_IDENTITY = "iPhone Developer";
				COPY_PHASE_STRIP = NO;
				DEBUG_INFORMATION_FORMAT = "dwarf-with-dsym";
				ENABLE_NS_ASSERTIONS = NO;
				ENABLE_STRICT_OBJC_MSGSEND = YES;
				GCC_C_LANGUAGE_STANDARD = gnu11;
				GCC_NO_COMMON_BLOCKS = YES;
				GCC_WARN_64_TO_32_BIT_CONVERSION = YES;
				GCC_WARN_ABOUT_RETURN_TYPE = YES_ERROR;
				GCC_WARN_UNDECLARED_SELECTOR = YES;
				GCC_WARN_UNINITIALIZED_AUTOS = YES_AGGRESSIVE;
				GCC_WARN_UNUSED_FUNCTION = YES;
				GCC_WARN_UNUSED_VARIABLE = YES;
				IPHONEOS_DEPLOYMENT_TARGET = 11.2;
				MTL_ENABLE_DEBUG_INFO = NO;
				SDKROOT = iphoneos;
				SWIFT_OPTIMIZATION_LEVEL = "-Owholemodule";
				VALIDATE_PRODUCT = YES;
			};
			name = Release;
		};
		D276345B2044FA15004194E4 /* Debug */ = {
			isa = XCBuildConfiguration;
			baseConfigurationReference = D08C4EE16A78C417BA9DA45F /* Pods-Instagram.debug.xcconfig */;
			buildSettings = {
				ASSETCATALOG_COMPILER_APPICON_NAME = AppIcon;
				CODE_SIGN_STYLE = Automatic;
				DEVELOPMENT_TEAM = CFPR2QTMMC;
				INFOPLIST_FILE = Instagram/Info.plist;
				LD_RUNPATH_SEARCH_PATHS = "$(inherited) @executable_path/Frameworks";
				PRODUCT_BUNDLE_IDENTIFIER = emily.Instagram;
				PRODUCT_NAME = "$(TARGET_NAME)";
				SWIFT_VERSION = 4.0;
				TARGETED_DEVICE_FAMILY = "1,2";
			};
			name = Debug;
		};
		D276345C2044FA15004194E4 /* Release */ = {
			isa = XCBuildConfiguration;
			baseConfigurationReference = 64D201209AC9402E90A333C4 /* Pods-Instagram.release.xcconfig */;
			buildSettings = {
				ASSETCATALOG_COMPILER_APPICON_NAME = AppIcon;
				CODE_SIGN_STYLE = Automatic;
				DEVELOPMENT_TEAM = CFPR2QTMMC;
				INFOPLIST_FILE = Instagram/Info.plist;
				LD_RUNPATH_SEARCH_PATHS = "$(inherited) @executable_path/Frameworks";
				PRODUCT_BUNDLE_IDENTIFIER = emily.Instagram;
				PRODUCT_NAME = "$(TARGET_NAME)";
				SWIFT_VERSION = 4.0;
				TARGETED_DEVICE_FAMILY = "1,2";
			};
			name = Release;
		};
		D276345E2044FA15004194E4 /* Debug */ = {
			isa = XCBuildConfiguration;
			baseConfigurationReference = D51C7552370A42EABD0A93F8 /* Pods-InstagramTests.debug.xcconfig */;
			buildSettings = {
				ALWAYS_EMBED_SWIFT_STANDARD_LIBRARIES = YES;
				BUNDLE_LOADER = "$(TEST_HOST)";
				CODE_SIGN_STYLE = Automatic;
				DEVELOPMENT_TEAM = CFPR2QTMMC;
				INFOPLIST_FILE = InstagramTests/Info.plist;
				LD_RUNPATH_SEARCH_PATHS = "$(inherited) @executable_path/Frameworks @loader_path/Frameworks";
				PRODUCT_BUNDLE_IDENTIFIER = emily.InstagramTests;
				PRODUCT_NAME = "$(TARGET_NAME)";
				SWIFT_VERSION = 4.0;
				TARGETED_DEVICE_FAMILY = "1,2";
				TEST_HOST = "$(BUILT_PRODUCTS_DIR)/Instagram.app/Instagram";
			};
			name = Debug;
		};
		D276345F2044FA15004194E4 /* Release */ = {
			isa = XCBuildConfiguration;
			baseConfigurationReference = F0B5E64BB94C3DDF0B75783E /* Pods-InstagramTests.release.xcconfig */;
			buildSettings = {
				ALWAYS_EMBED_SWIFT_STANDARD_LIBRARIES = YES;
				BUNDLE_LOADER = "$(TEST_HOST)";
				CODE_SIGN_STYLE = Automatic;
				DEVELOPMENT_TEAM = CFPR2QTMMC;
				INFOPLIST_FILE = InstagramTests/Info.plist;
				LD_RUNPATH_SEARCH_PATHS = "$(inherited) @executable_path/Frameworks @loader_path/Frameworks";
				PRODUCT_BUNDLE_IDENTIFIER = emily.InstagramTests;
				PRODUCT_NAME = "$(TARGET_NAME)";
				SWIFT_VERSION = 4.0;
				TARGETED_DEVICE_FAMILY = "1,2";
				TEST_HOST = "$(BUILT_PRODUCTS_DIR)/Instagram.app/Instagram";
			};
			name = Release;
		};
		D27634612044FA15004194E4 /* Debug */ = {
			isa = XCBuildConfiguration;
			baseConfigurationReference = A57D4012741A0C9251020849 /* Pods-InstagramUITests.debug.xcconfig */;
			buildSettings = {
				ALWAYS_EMBED_SWIFT_STANDARD_LIBRARIES = YES;
				CODE_SIGN_STYLE = Automatic;
				DEVELOPMENT_TEAM = CFPR2QTMMC;
				INFOPLIST_FILE = InstagramUITests/Info.plist;
				LD_RUNPATH_SEARCH_PATHS = "$(inherited) @executable_path/Frameworks @loader_path/Frameworks";
				PRODUCT_BUNDLE_IDENTIFIER = emily.InstagramUITests;
				PRODUCT_NAME = "$(TARGET_NAME)";
				SWIFT_VERSION = 4.0;
				TARGETED_DEVICE_FAMILY = "1,2";
				TEST_TARGET_NAME = Instagram;
			};
			name = Debug;
		};
		D27634622044FA15004194E4 /* Release */ = {
			isa = XCBuildConfiguration;
			baseConfigurationReference = 44EAB7FC097B9935E6B46D95 /* Pods-InstagramUITests.release.xcconfig */;
			buildSettings = {
				ALWAYS_EMBED_SWIFT_STANDARD_LIBRARIES = YES;
				CODE_SIGN_STYLE = Automatic;
				DEVELOPMENT_TEAM = CFPR2QTMMC;
				INFOPLIST_FILE = InstagramUITests/Info.plist;
				LD_RUNPATH_SEARCH_PATHS = "$(inherited) @executable_path/Frameworks @loader_path/Frameworks";
				PRODUCT_BUNDLE_IDENTIFIER = emily.InstagramUITests;
				PRODUCT_NAME = "$(TARGET_NAME)";
				SWIFT_VERSION = 4.0;
				TARGETED_DEVICE_FAMILY = "1,2";
				TEST_TARGET_NAME = Instagram;
			};
			name = Release;
		};
/* End XCBuildConfiguration section */

/* Begin XCConfigurationList section */
		D276342D2044FA14004194E4 /* Build configuration list for PBXProject "Instagram" */ = {
			isa = XCConfigurationList;
			buildConfigurations = (
				D27634582044FA15004194E4 /* Debug */,
				D27634592044FA15004194E4 /* Release */,
			);
			defaultConfigurationIsVisible = 0;
			defaultConfigurationName = Release;
		};
		D276345A2044FA15004194E4 /* Build configuration list for PBXNativeTarget "Instagram" */ = {
			isa = XCConfigurationList;
			buildConfigurations = (
				D276345B2044FA15004194E4 /* Debug */,
				D276345C2044FA15004194E4 /* Release */,
			);
			defaultConfigurationIsVisible = 0;
			defaultConfigurationName = Release;
		};
		D276345D2044FA15004194E4 /* Build configuration list for PBXNativeTarget "InstagramTests" */ = {
			isa = XCConfigurationList;
			buildConfigurations = (
				D276345E2044FA15004194E4 /* Debug */,
				D276345F2044FA15004194E4 /* Release */,
			);
			defaultConfigurationIsVisible = 0;
			defaultConfigurationName = Release;
		};
		D27634602044FA15004194E4 /* Build configuration list for PBXNativeTarget "InstagramUITests" */ = {
			isa = XCConfigurationList;
			buildConfigurations = (
				D27634612044FA15004194E4 /* Debug */,
				D27634622044FA15004194E4 /* Release */,
			);
			defaultConfigurationIsVisible = 0;
			defaultConfigurationName = Release;
		};
/* End XCConfigurationList section */
	};
	rootObject = D276342A2044FA14004194E4 /* Project object */;
}
